
Microsoft Visual Studio Solution File, Format Version 12.00
# Visual Studio Version 17
VisualStudioVersion = 17.7.34009.444
MinimumVisualStudioVersion = 10.0.40219.1
Project("{FAE04EC0-301F-11D3-BF4B-00C04F79EFBC}") = "MultiThreadingPayroll", "MultiThreadingPayroll.csproj", "{111FD593-DB46-4F8A-B4AE-287F5CA24BEF}"
EndProject
Global
	GlobalSection(SolutionConfigurationPlatforms) = preSolution
		Debug|Any CPU = Debug|Any CPU
		Release|Any CPU = Release|Any CPU
	EndGlobalSection
	GlobalSection(ProjectConfigurationPlatforms) = postSolution
		{111FD593-DB46-4F8A-B4AE-287F5CA24BEF}.Debug|Any CPU.ActiveCfg = Debug|Any CPU
		{111FD593-DB46-4F8A-B4AE-287F5CA24BEF}.Debug|Any CPU.Build.0 = Debug|Any CPU
		{111FD593-DB46-4F8A-B4AE-287F5CA24BEF}.Release|Any CPU.ActiveCfg = Release|Any CPU
		{111FD593-DB46-4F8A-B4AE-287F5CA24BEF}.Release|Any CPU.Build.0 = Release|Any CPU
	EndGlobalSection
	GlobalSection(SolutionProperties) = preSolution
		HideSolutionNode = FALSE
	EndGlobalSection
	GlobalSection(ExtensibilityGlobals) = postSolution
		SolutionGuid = {E3746EFF-B7E9-4AE5-9F0E-09E4AD20B65B}
	EndGlobalSection
EndGlobal
